// !$*UTF8*$!
{
	archiveVersion = 1;
	classes = {
	};
	objectVersion = 46;
	objects = {

/* Begin PBXBuildFile section */
		AF602D4C1D0CF5F90047B69D /* main.m in Sources */ = {isa = PBXBuildFile; fileRef = AF602D4B1D0CF5F90047B69D /* main.m */; };
		AF602D4F1D0CF5F90047B69D /* AppDelegate.m in Sources */ = {isa = PBXBuildFile; fileRef = AF602D4E1D0CF5F90047B69D /* AppDelegate.m */; };
		AF602D571D0CF5F90047B69D /* Assets.xcassets in Resources */ = {isa = PBXBuildFile; fileRef = AF602D561D0CF5F90047B69D /* Assets.xcassets */; };
		AF602D761D0CF6BA0047B69D /* UIViewController+Page.m in Sources */ = {isa = PBXBuildFile; fileRef = AF602D701D0CF6BA0047B69D /* UIViewController+Page.m */; };
		AF602D811D0CF6D90047B69D /* TabViewController1.m in Sources */ = {isa = PBXBuildFile; fileRef = AF602D781D0CF6D90047B69D /* TabViewController1.m */; };
		AF602D821D0CF6D90047B69D /* TabViewController2.m in Sources */ = {isa = PBXBuildFile; fileRef = AF602D7A1D0CF6D90047B69D /* TabViewController2.m */; };
		AF602D831D0CF6D90047B69D /* TabViewController3.m in Sources */ = {isa = PBXBuildFile; fileRef = AF602D7C1D0CF6D90047B69D /* TabViewController3.m */; };
		AF602D841D0CF6D90047B69D /* TabViewController4.m in Sources */ = {isa = PBXBuildFile; fileRef = AF602D7E1D0CF6D90047B69D /* TabViewController4.m */; };
		AF602D851D0CF6D90047B69D /* ViewController.m in Sources */ = {isa = PBXBuildFile; fileRef = AF602D801D0CF6D90047B69D /* ViewController.m */; };
		AF602D8C1D0CF7950047B69D /* MXPageBar.m in Sources */ = {isa = PBXBuildFile; fileRef = AF602D871D0CF7950047B69D /* MXPageBar.m */; };
		AF602D8D1D0CF7950047B69D /* MXPageBarItem.m in Sources */ = {isa = PBXBuildFile; fileRef = AF602D891D0CF7950047B69D /* MXPageBarItem.m */; };
		AF602D8E1D0CF7950047B69D /* MXPageController.m in Sources */ = {isa = PBXBuildFile; fileRef = AF602D8B1D0CF7950047B69D /* MXPageController.m */; };
/* End PBXBuildFile section */

/* Begin PBXFileReference section */
		AF602D471D0CF5F90047B69D /* MXPageControllerDemo.app */ = {isa = PBXFileReference; explicitFileType = wrapper.application; includeInIndex = 0; path = MXPageControllerDemo.app; sourceTree = BUILT_PRODUCTS_DIR; };
		AF602D4B1D0CF5F90047B69D /* main.m */ = {isa = PBXFileReference; lastKnownFileType = sourcecode.c.objc; path = main.m; sourceTree = "<group>"; };
		AF602D4D1D0CF5F90047B69D /* AppDelegate.h */ = {isa = PBXFileReference; lastKnownFileType = sourcecode.c.h; path = AppDelegate.h; sourceTree = "<group>"; };
		AF602D4E1D0CF5F90047B69D /* AppDelegate.m */ = {isa = PBXFileReference; lastKnownFileType = sourcecode.c.objc; path = AppDelegate.m; sourceTree = "<group>"; };
		AF602D561D0CF5F90047B69D /* Assets.xcassets */ = {isa = PBXFileReference; lastKnownFileType = folder.assetcatalog; path = Assets.xcassets; sourceTree = "<group>"; };
		AF602D5B1D0CF5F90047B69D /* Info.plist */ = {isa = PBXFileReference; lastKnownFileType = text.plist.xml; path = Info.plist; sourceTree = "<group>"; };
		AF602D6F1D0CF6BA0047B69D /* UIViewController+Page.h */ = {isa = PBXFileReference; fileEncoding = 4; lastKnownFileType = sourcecode.c.h; path = "UIViewController+Page.h"; sourceTree = "<group>"; };
		AF602D701D0CF6BA0047B69D /* UIViewController+Page.m */ = {isa = PBXFileReference; fileEncoding = 4; lastKnownFileType = sourcecode.c.objc; path = "UIViewController+Page.m"; sourceTree = "<group>"; };
		AF602D771D0CF6D90047B69D /* TabViewController1.h */ = {isa = PBXFileReference; fileEncoding = 4; lastKnownFileType = sourcecode.c.h; path = TabViewController1.h; sourceTree = "<group>"; };
		AF602D781D0CF6D90047B69D /* TabViewController1.m */ = {isa = PBXFileReference; fileEncoding = 4; lastKnownFileType = sourcecode.c.objc; path = TabViewController1.m; sourceTree = "<group>"; };
		AF602D791D0CF6D90047B69D /* TabViewController2.h */ = {isa = PBXFileReference; fileEncoding = 4; lastKnownFileType = sourcecode.c.h; path = TabViewController2.h; sourceTree = "<group>"; };
		AF602D7A1D0CF6D90047B69D /* TabViewController2.m */ = {isa = PBXFileReference; fileEncoding = 4; lastKnownFileType = sourcecode.c.objc; path = TabViewController2.m; sourceTree = "<group>"; };
		AF602D7B1D0CF6D90047B69D /* TabViewController3.h */ = {isa = PBXFileReference; fileEncoding = 4; lastKnownFileType = sourcecode.c.h; path = TabViewController3.h; sourceTree = "<group>"; };
		AF602D7C1D0CF6D90047B69D /* TabViewController3.m */ = {isa = PBXFileReference; fileEncoding = 4; lastKnownFileType = sourcecode.c.objc; path = TabViewController3.m; sourceTree = "<group>"; };
		AF602D7D1D0CF6D90047B69D /* TabViewController4.h */ = {isa = PBXFileReference; fileEncoding = 4; lastKnownFileType = sourcecode.c.h; path = TabViewController4.h; sourceTree = "<group>"; };
		AF602D7E1D0CF6D90047B69D /* TabViewController4.m */ = {isa = PBXFileReference; fileEncoding = 4; lastKnownFileType = sourcecode.c.objc; path = TabViewController4.m; sourceTree = "<group>"; };
		AF602D7F1D0CF6D90047B69D /* ViewController.h */ = {isa = PBXFileReference; fileEncoding = 4; lastKnownFileType = sourcecode.c.h; path = ViewController.h; sourceTree = "<group>"; };
		AF602D801D0CF6D90047B69D /* ViewController.m */ = {isa = PBXFileReference; fileEncoding = 4; lastKnownFileType = sourcecode.c.objc; path = ViewController.m; sourceTree = "<group>"; };
		AF602D861D0CF7950047B69D /* MXPageBar.h */ = {isa = PBXFileReference; fileEncoding = 4; lastKnownFileType = sourcecode.c.h; path = MXPageBar.h; sourceTree = "<group>"; };
		AF602D871D0CF7950047B69D /* MXPageBar.m */ = {isa = PBXFileReference; fileEncoding = 4; lastKnownFileType = sourcecode.c.objc; path = MXPageBar.m; sourceTree = "<group>"; };
		AF602D881D0CF7950047B69D /* MXPageBarItem.h */ = {isa = PBXFileReference; fileEncoding = 4; lastKnownFileType = sourcecode.c.h; path = MXPageBarItem.h; sourceTree = "<group>"; };
		AF602D891D0CF7950047B69D /* MXPageBarItem.m */ = {isa = PBXFileReference; fileEncoding = 4; lastKnownFileType = sourcecode.c.objc; path = MXPageBarItem.m; sourceTree = "<group>"; };
		AF602D8A1D0CF7950047B69D /* MXPageController.h */ = {isa = PBXFileReference; fileEncoding = 4; lastKnownFileType = sourcecode.c.h; path = MXPageController.h; sourceTree = "<group>"; };
		AF602D8B1D0CF7950047B69D /* MXPageController.m */ = {isa = PBXFileReference; fileEncoding = 4; lastKnownFileType = sourcecode.c.objc; path = MXPageController.m; sourceTree = "<group>"; };
		AF602D901D0E4A960047B69D /* MXPageProtocal.h */ = {isa = PBXFileReference; fileEncoding = 4; lastKnownFileType = sourcecode.c.h; path = MXPageProtocal.h; sourceTree = "<group>"; };
		AF8E23F81D0E5DBE00A55B9A /* MXPageBar_Private.h */ = {isa = PBXFileReference; fileEncoding = 4; lastKnownFileType = sourcecode.c.h; path = MXPageBar_Private.h; sourceTree = "<group>"; };
		AF8E23F91D0E5FCF00A55B9A /* MXPageBarItem_Private.h */ = {isa = PBXFileReference; fileEncoding = 4; lastKnownFileType = sourcecode.c.h; path = MXPageBarItem_Private.h; sourceTree = "<group>"; };
/* End PBXFileReference section */

/* Begin PBXFrameworksBuildPhase section */
		AF602D441D0CF5F90047B69D /* Frameworks */ = {
			isa = PBXFrameworksBuildPhase;
			buildActionMask = 2147483647;
			files = (
			);
			runOnlyForDeploymentPostprocessing = 0;
		};
/* End PBXFrameworksBuildPhase section */

/* Begin PBXGroup section */
		AF602D3E1D0CF5F90047B69D = {
			isa = PBXGroup;
			children = (
				AF602D611D0CF6BA0047B69D /* MXPageController */,
				AF602D491D0CF5F90047B69D /* MXPageControllerDemo */,
				AF602D481D0CF5F90047B69D /* Products */,
			);
			sourceTree = "<group>";
		};
		AF602D481D0CF5F90047B69D /* Products */ = {
			isa = PBXGroup;
			children = (
				AF602D471D0CF5F90047B69D /* MXPageControllerDemo.app */,
			);
			name = Products;
			sourceTree = "<group>";
		};
		AF602D491D0CF5F90047B69D /* MXPageControllerDemo */ = {
			isa = PBXGroup;
			children = (
				AF602D8F1D0CFA230047B69D /* TabControllers */,
				AF602D4D1D0CF5F90047B69D /* AppDelegate.h */,
				AF602D4E1D0CF5F90047B69D /* AppDelegate.m */,
				AF602D7F1D0CF6D90047B69D /* ViewController.h */,
				AF602D801D0CF6D90047B69D /* ViewController.m */,
				AF602D561D0CF5F90047B69D /* Assets.xcassets */,
				AF602D5B1D0CF5F90047B69D /* Info.plist */,
				AF602D4A1D0CF5F90047B69D /* Supporting Files */,
			);
			path = MXPageControllerDemo;
			sourceTree = "<group>";
		};
		AF602D4A1D0CF5F90047B69D /* Supporting Files */ = {
			isa = PBXGroup;
			children = (
				AF602D4B1D0CF5F90047B69D /* main.m */,
			);
			name = "Supporting Files";
			sourceTree = "<group>";
		};
		AF602D611D0CF6BA0047B69D /* MXPageController */ = {
			isa = PBXGroup;
			children = (
				AF8E23F71D0E537000A55B9A /* Base */,
				AF602D901D0E4A960047B69D /* MXPageProtocal.h */,
			);
			name = MXPageController;
			path = ../MXPageController;
			sourceTree = "<group>";
		};
		AF602D8F1D0CFA230047B69D /* TabControllers */ = {
			isa = PBXGroup;
			children = (
				AF602D771D0CF6D90047B69D /* TabViewController1.h */,
				AF602D781D0CF6D90047B69D /* TabViewController1.m */,
				AF602D791D0CF6D90047B69D /* TabViewController2.h */,
				AF602D7A1D0CF6D90047B69D /* TabViewController2.m */,
				AF602D7B1D0CF6D90047B69D /* TabViewController3.h */,
				AF602D7C1D0CF6D90047B69D /* TabViewController3.m */,
				AF602D7D1D0CF6D90047B69D /* TabViewController4.h */,
				AF602D7E1D0CF6D90047B69D /* TabViewController4.m */,
			);
			name = TabControllers;
			sourceTree = "<group>";
		};
		AF8E23F71D0E537000A55B9A /* Base */ = {
			isa = PBXGroup;
			children = (
				AF8E23F81D0E5DBE00A55B9A /* MXPageBar_Private.h */,
				AF8E23F91D0E5FCF00A55B9A /* MXPageBarItem_Private.h */,
				AF602D861D0CF7950047B69D /* MXPageBar.h */,
				AF602D871D0CF7950047B69D /* MXPageBar.m */,
				AF602D881D0CF7950047B69D /* MXPageBarItem.h */,
				AF602D891D0CF7950047B69D /* MXPageBarItem.m */,
				AF602D8A1D0CF7950047B69D /* MXPageController.h */,
				AF602D8B1D0CF7950047B69D /* MXPageController.m */,
				AF602D6F1D0CF6BA0047B69D /* UIViewController+Page.h */,
				AF602D701D0CF6BA0047B69D /* UIViewController+Page.m */,
			);
			name = Base;
			sourceTree = "<group>";
		};
/* End PBXGroup section */

/* Begin PBXNativeTarget section */
		AF602D461D0CF5F90047B69D /* MXPageControllerDemo */ = {
			isa = PBXNativeTarget;
			buildConfigurationList = AF602D5E1D0CF5F90047B69D /* Build configuration list for PBXNativeTarget "MXPageControllerDemo" */;
			buildPhases = (
				AF602D431D0CF5F90047B69D /* Sources */,
				AF602D441D0CF5F90047B69D /* Frameworks */,
				AF602D451D0CF5F90047B69D /* Resources */,
			);
			buildRules = (
			);
			dependencies = (
			);
			name = MXPageControllerDemo;
			productName = MXPageControllerDemo;
			productReference = AF602D471D0CF5F90047B69D /* MXPageControllerDemo.app */;
			productType = "com.apple.product-type.application";
		};
/* End PBXNativeTarget section */

/* Begin PBXProject section */
		AF602D3F1D0CF5F90047B69D /* Project object */ = {
			isa = PBXProject;
			attributes = {
				LastUpgradeCheck = 0730;
				ORGANIZATIONNAME = maxthon;
				TargetAttributes = {
					AF602D461D0CF5F90047B69D = {
						CreatedOnToolsVersion = 7.3.1;
						DevelopmentTeam = WCB96B7533;
					};
				};
			};
			buildConfigurationList = AF602D421D0CF5F90047B69D /* Build configuration list for PBXProject "MXPageControllerDemo" */;
			compatibilityVersion = "Xcode 3.2";
			developmentRegion = English;
			hasScannedForEncodings = 0;
			knownRegions = (
				en,
				Base,
			);
			mainGroup = AF602D3E1D0CF5F90047B69D;
			productRefGroup = AF602D481D0CF5F90047B69D /* Products */;
			projectDirPath = "";
			projectRoot = "";
			targets = (
				AF602D461D0CF5F90047B69D /* MXPageControllerDemo */,
			);
		};
/* End PBXProject section */

/* Begin PBXResourcesBuildPhase section */
		AF602D451D0CF5F90047B69D /* Resources */ = {
			isa = PBXResourcesBuildPhase;
			buildActionMask = 2147483647;
			files = (
				AF602D571D0CF5F90047B69D /* Assets.xcassets in Resources */,
			);
			runOnlyForDeploymentPostprocessing = 0;
		};
/* End PBXResourcesBuildPhase section */

/* Begin PBXSourcesBuildPhase section */
		AF602D431D0CF5F90047B69D /* Sources */ = {
			isa = PBXSourcesBuildPhase;
			buildActionMask = 2147483647;
			files = (
				AF602D8C1D0CF7950047B69D /* MXPageBar.m in Sources */,
				AF602D831D0CF6D90047B69D /* TabViewController3.m in Sources */,
				AF602D821D0CF6D90047B69D /* TabViewController2.m in Sources */,
				AF602D4F1D0CF5F90047B69D /* AppDelegate.m in Sources */,
				AF602D8D1D0CF7950047B69D /* MXPageBarItem.m in Sources */,
				AF602D851D0CF6D90047B69D /* ViewController.m in Sources */,
				AF602D761D0CF6BA0047B69D /* UIViewController+Page.m in Sources */,
				AF602D811D0CF6D90047B69D /* TabViewController1.m in Sources */,
				AF602D8E1D0CF7950047B69D /* MXPageController.m in Sources */,
				AF602D841D0CF6D90047B69D /* TabViewController4.m in Sources */,
				AF602D4C1D0CF5F90047B69D /* main.m in Sources */,
			);
			runOnlyForDeploymentPostprocessing = 0;
		};
/* End PBXSourcesBuildPhase section */

/* Begin XCBuildConfiguration section */
		AF602D5C1D0CF5F90047B69D /* Debug */ = {
			isa = XCBuildConfiguration;
			buildSettings = {
				ALWAYS_SEARCH_USER_PATHS = NO;
				CLANG_ANALYZER_NONNULL = YES;
				CLANG_CXX_LANGUAGE_STANDARD = "gnu++0x";
				CLANG_CXX_LIBRARY = "libc++";
				CLANG_ENABLE_MODULES = YES;
				CLANG_ENABLE_OBJC_ARC = YES;
				CLANG_WARN_BOOL_CONVERSION = YES;
				CLANG_WARN_CONSTANT_CONVERSION = YES;
				CLANG_WARN_DIRECT_OBJC_ISA_USAGE = YES_ERROR;
				CLANG_WARN_EMPTY_BODY = YES;
				CLANG_WARN_ENUM_CONVERSION = YES;
				CLANG_WARN_INT_CONVERSION = YES;
				CLANG_WARN_OBJC_ROOT_CLASS = YES_ERROR;
				CLANG_WARN_UNREACHABLE_CODE = YES;
				CLANG_WARN__DUPLICATE_METHOD_MATCH = YES;
				"CODE_SIGN_IDENTITY[sdk=iphoneos*]" = "iPhone Developer";
				COPY_PHASE_STRIP = NO;
				DEBUG_INFORMATION_FORMAT = dwarf;
				ENABLE_STRICT_OBJC_MSGSEND = YES;
				ENABLE_TESTABILITY = YES;
				GCC_C_LANGUAGE_STANDARD = gnu99;
				GCC_DYNAMIC_NO_PIC = NO;
				GCC_NO_COMMON_BLOCKS = YES;
				GCC_OPTIMIZATION_LEVEL = 0;
				GCC_PREPROCESSOR_DEFINITIONS = (
					"DEBUG=1",
					"$(inherited)",
				);
				GCC_WARN_64_TO_32_BIT_CONVERSION = YES;
				GCC_WARN_ABOUT_RETURN_TYPE = YES_ERROR;
				GCC_WARN_UNDECLARED_SELECTOR = YES;
				GCC_WARN_UNINITIALIZED_AUTOS = YES_AGGRESSIVE;
				GCC_WARN_UNUSED_FUNCTION = YES;
				GCC_WARN_UNUSED_VARIABLE = YES;
				IPHONEOS_DEPLOYMENT_TARGET = 9.3;
				MTL_ENABLE_DEBUG_INFO = YES;
				ONLY_ACTIVE_ARCH = YES;
				SDKROOT = iphoneos;
			};
			name = Debug;
		};
		AF602D5D1D0CF5F90047B69D /* Release */ = {
			isa = XCBuildConfiguration;
			buildSettings = {
				ALWAYS_SEARCH_USER_PATHS = NO;
				CLANG_ANALYZER_NONNULL = YES;
				CLANG_CXX_LANGUAGE_STANDARD = "gnu++0x";
				CLANG_CXX_LIBRARY = "libc++";
				CLANG_ENABLE_MODULES = YES;
				CLANG_ENABLE_OBJC_ARC = YES;
				CLANG_WARN_BOOL_CONVERSION = YES;
				CLANG_WARN_CONSTANT_CONVERSION = YES;
				CLANG_WARN_DIRECT_OBJC_ISA_USAGE = YES_ERROR;
				CLANG_WARN_EMPTY_BODY = YES;
				CLANG_WARN_ENUM_CONVERSION = YES;
				CLANG_WARN_INT_CONVERSION = YES;
				CLANG_WARN_OBJC_ROOT_CLASS = YES_ERROR;
				CLANG_WARN_UNREACHABLE_CODE = YES;
				CLANG_WARN__DUPLICATE_METHOD_MATCH = YES;
				"CODE_SIGN_IDENTITY[sdk=iphoneos*]" = "iPhone Developer";
				COPY_PHASE_STRIP = NO;
				DEBUG_INFORMATION_FORMAT = "dwarf-with-dsym";
				ENABLE_NS_ASSERTIONS = NO;
				ENABLE_STRICT_OBJC_MSGSEND = YES;
				GCC_C_LANGUAGE_STANDARD = gnu99;
				GCC_NO_COMMON_BLOCKS = YES;
				GCC_WARN_64_TO_32_BIT_CONVERSION = YES;
				GCC_WARN_ABOUT_RETURN_TYPE = YES_ERROR;
				GCC_WARN_UNDECLARED_SELECTOR = YES;
				GCC_WARN_UNINITIALIZED_AUTOS = YES_AGGRESSIVE;
				GCC_WARN_UNUSED_FUNCTION = YES;
				GCC_WARN_UNUSED_VARIABLE = YES;
				IPHONEOS_DEPLOYMENT_TARGET = 9.3;
				MTL_ENABLE_DEBUG_INFO = NO;
				SDKROOT = iphoneos;
				VALIDATE_PRODUCT = YES;
			};
			name = Release;
		};
		AF602D5F1D0CF5F90047B69D /* Debug */ = {
			isa = XCBuildConfiguration;
			buildSettings = {
				ASSETCATALOG_COMPILER_APPICON_NAME = AppIcon;
				ASSETCATALOG_COMPILER_LAUNCHIMAGE_NAME = "Brand Assets";
				CODE_SIGN_IDENTITY = "iPhone Developer";
				INFOPLIST_FILE = MXPageControllerDemo/Info.plist;
				IPHONEOS_DEPLOYMENT_TARGET = 9.0;
				LD_RUNPATH_SEARCH_PATHS = "$(inherited) @executable_path/Frameworks";
				PRODUCT_BUNDLE_IDENTIFIER = com.maxthon.MXPageControllerDemo;
				PRODUCT_NAME = "$(TARGET_NAME)";
			};
			name = Debug;
		};
		AF602D601D0CF5F90047B69D /* Release */ = {
			isa = XCBuildConfiguration;
			buildSettings = {
				ASSETCATALOG_COMPILER_APPICON_NAME = AppIcon;
				ASSETCATALOG_COMPILER_LAUNCHIMAGE_NAME = "Brand Assets";
				CODE_SIGN_IDENTITY = "iPhone Developer";
				INFOPLIST_FILE = MXPageControllerDemo/Info.plist;
				IPHONEOS_DEPLOYMENT_TARGET = 9.0;
				LD_RUNPATH_SEARCH_PATHS = "$(inherited) @executable_path/Frameworks";
				PRODUCT_BUNDLE_IDENTIFIER = com.maxthon.MXPageControllerDemo;
				PRODUCT_NAME = "$(TARGET_NAME)";
			};
			name = Release;
		};
/* End XCBuildConfiguration section */

/* Begin XCConfigurationList section */
		AF602D421D0CF5F90047B69D /* Build configuration list for PBXProject "MXPageControllerDemo" */ = {
			isa = XCConfigurationList;
			buildConfigurations = (
				AF602D5C1D0CF5F90047B69D /* Debug */,
				AF602D5D1D0CF5F90047B69D /* Release */,
			);
			defaultConfigurationIsVisible = 0;
			defaultConfigurationName = Release;
		};
		AF602D5E1D0CF5F90047B69D /* Build configuration list for PBXNativeTarget "MXPageControllerDemo" */ = {
			isa = XCConfigurationList;
			buildConfigurations = (
				AF602D5F1D0CF5F90047B69D /* Debug */,
				AF602D601D0CF5F90047B69D /* Release */,
			);
			defaultConfigurationIsVisible = 0;
			defaultConfigurationName = Release;
		};
/* End XCConfigurationList section */
	};
	rootObject = AF602D3F1D0CF5F90047B69D /* Project object */;
}
