// !$*UTF8*$!
{
	archiveVersion = 1;
	classes = {
	};
	objectVersion = 46;
	objects = {

/* Begin PBXBuildFile section */
		AF4E4F2C1BF078D400719A93 /* main.m in Sources */ = {isa = PBXBuildFile; fileRef = AF4E4F2B1BF078D400719A93 /* main.m */; };
		AF4E4F2F1BF078D400719A93 /* AppDelegate.m in Sources */ = {isa = PBXBuildFile; fileRef = AF4E4F2E1BF078D400719A93 /* AppDelegate.m */; };
		AF4E4F321BF078D400719A93 /* ViewController.m in Sources */ = {isa = PBXBuildFile; fileRef = AF4E4F311BF078D400719A93 /* ViewController.m */; };
		AF4E4F371BF078D400719A93 /* Assets.xcassets in Resources */ = {isa = PBXBuildFile; fileRef = AF4E4F361BF078D400719A93 /* Assets.xcassets */; };
		AF4E4F471BF079F100719A93 /* LPHPageController.m in Sources */ = {isa = PBXBuildFile; fileRef = AF4E4F461BF079F100719A93 /* LPHPageController.m */; };
		AF4E4F4A1BF084D700719A93 /* LPSideBarController.m in Sources */ = {isa = PBXBuildFile; fileRef = AF4E4F491BF084D700719A93 /* LPSideBarController.m */; };
		AF4E4F4D1BF084EB00719A93 /* LPVPageController.m in Sources */ = {isa = PBXBuildFile; fileRef = AF4E4F4C1BF084EB00719A93 /* LPVPageController.m */; };
		AF4E4F501BF0856500719A93 /* UIViewController+Items.m in Sources */ = {isa = PBXBuildFile; fileRef = AF4E4F4F1BF0856500719A93 /* UIViewController+Items.m */; };
		AF4E4F561BF0C0A400719A93 /* LPHPageBar.m in Sources */ = {isa = PBXBuildFile; fileRef = AF4E4F551BF0C0A400719A93 /* LPHPageBar.m */; };
		AF4E4F5C1BF1DB7600719A93 /* LPHPageBarItem.m in Sources */ = {isa = PBXBuildFile; fileRef = AF4E4F5B1BF1DB7600719A93 /* LPHPageBarItem.m */; };
		AF4E4F5F1BF2334700719A93 /* TabViewController1.m in Sources */ = {isa = PBXBuildFile; fileRef = AF4E4F5E1BF2334700719A93 /* TabViewController1.m */; };
		AF4E4F621BF2335A00719A93 /* TabViewController2.m in Sources */ = {isa = PBXBuildFile; fileRef = AF4E4F611BF2335A00719A93 /* TabViewController2.m */; };
		AF4E4F651BF2336800719A93 /* TabViewController3.m in Sources */ = {isa = PBXBuildFile; fileRef = AF4E4F641BF2336800719A93 /* TabViewController3.m */; };
		AF4E4F681BF2337300719A93 /* TabViewController4.m in Sources */ = {isa = PBXBuildFile; fileRef = AF4E4F671BF2337300719A93 /* TabViewController4.m */; };
/* End PBXBuildFile section */

/* Begin PBXFileReference section */
		AF4E4F271BF078D400719A93 /* LPMultiViewControllerDemo.app */ = {isa = PBXFileReference; explicitFileType = wrapper.application; includeInIndex = 0; path = LPMultiViewControllerDemo.app; sourceTree = BUILT_PRODUCTS_DIR; };
		AF4E4F2B1BF078D400719A93 /* main.m */ = {isa = PBXFileReference; lastKnownFileType = sourcecode.c.objc; path = main.m; sourceTree = "<group>"; };
		AF4E4F2D1BF078D400719A93 /* AppDelegate.h */ = {isa = PBXFileReference; lastKnownFileType = sourcecode.c.h; path = AppDelegate.h; sourceTree = "<group>"; };
		AF4E4F2E1BF078D400719A93 /* AppDelegate.m */ = {isa = PBXFileReference; lastKnownFileType = sourcecode.c.objc; path = AppDelegate.m; sourceTree = "<group>"; };
		AF4E4F301BF078D400719A93 /* ViewController.h */ = {isa = PBXFileReference; lastKnownFileType = sourcecode.c.h; path = ViewController.h; sourceTree = "<group>"; };
		AF4E4F311BF078D400719A93 /* ViewController.m */ = {isa = PBXFileReference; lastKnownFileType = sourcecode.c.objc; path = ViewController.m; sourceTree = "<group>"; };
		AF4E4F361BF078D400719A93 /* Assets.xcassets */ = {isa = PBXFileReference; lastKnownFileType = folder.assetcatalog; path = Assets.xcassets; sourceTree = "<group>"; };
		AF4E4F3B1BF078D400719A93 /* Info.plist */ = {isa = PBXFileReference; lastKnownFileType = text.plist.xml; path = Info.plist; sourceTree = "<group>"; };
		AF4E4F451BF079F100719A93 /* LPHPageController.h */ = {isa = PBXFileReference; fileEncoding = 4; lastKnownFileType = sourcecode.c.h; path = LPHPageController.h; sourceTree = "<group>"; };
		AF4E4F461BF079F100719A93 /* LPHPageController.m */ = {isa = PBXFileReference; fileEncoding = 4; lastKnownFileType = sourcecode.c.objc; path = LPHPageController.m; sourceTree = "<group>"; };
		AF4E4F481BF084D700719A93 /* LPSideBarController.h */ = {isa = PBXFileReference; fileEncoding = 4; lastKnownFileType = sourcecode.c.h; path = LPSideBarController.h; sourceTree = "<group>"; };
		AF4E4F491BF084D700719A93 /* LPSideBarController.m */ = {isa = PBXFileReference; fileEncoding = 4; lastKnownFileType = sourcecode.c.objc; path = LPSideBarController.m; sourceTree = "<group>"; };
		AF4E4F4B1BF084EB00719A93 /* LPVPageController.h */ = {isa = PBXFileReference; fileEncoding = 4; lastKnownFileType = sourcecode.c.h; path = LPVPageController.h; sourceTree = "<group>"; };
		AF4E4F4C1BF084EB00719A93 /* LPVPageController.m */ = {isa = PBXFileReference; fileEncoding = 4; lastKnownFileType = sourcecode.c.objc; path = LPVPageController.m; sourceTree = "<group>"; };
		AF4E4F4E1BF0856500719A93 /* UIViewController+Items.h */ = {isa = PBXFileReference; fileEncoding = 4; lastKnownFileType = sourcecode.c.h; path = "UIViewController+Items.h"; sourceTree = "<group>"; };
		AF4E4F4F1BF0856500719A93 /* UIViewController+Items.m */ = {isa = PBXFileReference; fileEncoding = 4; lastKnownFileType = sourcecode.c.objc; path = "UIViewController+Items.m"; sourceTree = "<group>"; };
		AF4E4F541BF0C0A400719A93 /* LPHPageBar.h */ = {isa = PBXFileReference; fileEncoding = 4; lastKnownFileType = sourcecode.c.h; path = LPHPageBar.h; sourceTree = "<group>"; };
		AF4E4F551BF0C0A400719A93 /* LPHPageBar.m */ = {isa = PBXFileReference; fileEncoding = 4; lastKnownFileType = sourcecode.c.objc; path = LPHPageBar.m; sourceTree = "<group>"; };
		AF4E4F5A1BF1DB7600719A93 /* LPHPageBarItem.h */ = {isa = PBXFileReference; fileEncoding = 4; lastKnownFileType = sourcecode.c.h; path = LPHPageBarItem.h; sourceTree = "<group>"; };
		AF4E4F5B1BF1DB7600719A93 /* LPHPageBarItem.m */ = {isa = PBXFileReference; fileEncoding = 4; lastKnownFileType = sourcecode.c.objc; path = LPHPageBarItem.m; sourceTree = "<group>"; };
		AF4E4F5D1BF2334700719A93 /* TabViewController1.h */ = {isa = PBXFileReference; fileEncoding = 4; lastKnownFileType = sourcecode.c.h; path = TabViewController1.h; sourceTree = "<group>"; };
		AF4E4F5E1BF2334700719A93 /* TabViewController1.m */ = {isa = PBXFileReference; fileEncoding = 4; lastKnownFileType = sourcecode.c.objc; path = TabViewController1.m; sourceTree = "<group>"; };
		AF4E4F601BF2335A00719A93 /* TabViewController2.h */ = {isa = PBXFileReference; fileEncoding = 4; lastKnownFileType = sourcecode.c.h; path = TabViewController2.h; sourceTree = "<group>"; };
		AF4E4F611BF2335A00719A93 /* TabViewController2.m */ = {isa = PBXFileReference; fileEncoding = 4; lastKnownFileType = sourcecode.c.objc; path = TabViewController2.m; sourceTree = "<group>"; };
		AF4E4F631BF2336800719A93 /* TabViewController3.h */ = {isa = PBXFileReference; fileEncoding = 4; lastKnownFileType = sourcecode.c.h; path = TabViewController3.h; sourceTree = "<group>"; };
		AF4E4F641BF2336800719A93 /* TabViewController3.m */ = {isa = PBXFileReference; fileEncoding = 4; lastKnownFileType = sourcecode.c.objc; path = TabViewController3.m; sourceTree = "<group>"; };
		AF4E4F661BF2337300719A93 /* TabViewController4.h */ = {isa = PBXFileReference; fileEncoding = 4; lastKnownFileType = sourcecode.c.h; path = TabViewController4.h; sourceTree = "<group>"; };
		AF4E4F671BF2337300719A93 /* TabViewController4.m */ = {isa = PBXFileReference; fileEncoding = 4; lastKnownFileType = sourcecode.c.objc; path = TabViewController4.m; sourceTree = "<group>"; };
/* End PBXFileReference section */

/* Begin PBXFrameworksBuildPhase section */
		AF4E4F241BF078D400719A93 /* Frameworks */ = {
			isa = PBXFrameworksBuildPhase;
			buildActionMask = 2147483647;
			files = (
			);
			runOnlyForDeploymentPostprocessing = 0;
		};
/* End PBXFrameworksBuildPhase section */

/* Begin PBXGroup section */
		AF4E4F1E1BF078D400719A93 = {
			isa = PBXGroup;
			children = (
				AF4E4F411BF079CC00719A93 /* LPMultiViewController */,
				AF4E4F291BF078D400719A93 /* LPMultiViewControllerDemo */,
				AF4E4F281BF078D400719A93 /* Products */,
			);
			sourceTree = "<group>";
		};
		AF4E4F281BF078D400719A93 /* Products */ = {
			isa = PBXGroup;
			children = (
				AF4E4F271BF078D400719A93 /* LPMultiViewControllerDemo.app */,
			);
			name = Products;
			sourceTree = "<group>";
		};
		AF4E4F291BF078D400719A93 /* LPMultiViewControllerDemo */ = {
			isa = PBXGroup;
			children = (
				AF4E4F2D1BF078D400719A93 /* AppDelegate.h */,
				AF4E4F2E1BF078D400719A93 /* AppDelegate.m */,
				AF4E4F301BF078D400719A93 /* ViewController.h */,
				AF4E4F311BF078D400719A93 /* ViewController.m */,
				AF4E4F5D1BF2334700719A93 /* TabViewController1.h */,
				AF4E4F5E1BF2334700719A93 /* TabViewController1.m */,
				AF4E4F601BF2335A00719A93 /* TabViewController2.h */,
				AF4E4F611BF2335A00719A93 /* TabViewController2.m */,
				AF4E4F631BF2336800719A93 /* TabViewController3.h */,
				AF4E4F641BF2336800719A93 /* TabViewController3.m */,
				AF4E4F661BF2337300719A93 /* TabViewController4.h */,
				AF4E4F671BF2337300719A93 /* TabViewController4.m */,
				AF4E4F361BF078D400719A93 /* Assets.xcassets */,
				AF4E4F3B1BF078D400719A93 /* Info.plist */,
				AF4E4F2A1BF078D400719A93 /* Supporting Files */,
			);
			path = LPMultiViewControllerDemo;
			sourceTree = "<group>";
		};
		AF4E4F2A1BF078D400719A93 /* Supporting Files */ = {
			isa = PBXGroup;
			children = (
				AF4E4F2B1BF078D400719A93 /* main.m */,
			);
			name = "Supporting Files";
			sourceTree = "<group>";
		};
		AF4E4F411BF079CC00719A93 /* LPMultiViewController */ = {
			isa = PBXGroup;
			children = (
				AF4E4F421BF079CC00719A93 /* LPHPageController */,
				AF4E4F441BF079CC00719A93 /* LPVPageController */,
				AF4E4F431BF079CC00719A93 /* LPSideBarController */,
				AF4E4F4E1BF0856500719A93 /* UIViewController+Items.h */,
				AF4E4F4F1BF0856500719A93 /* UIViewController+Items.m */,
			);
			name = LPMultiViewController;
			path = ../LPMultiViewController;
			sourceTree = "<group>";
		};
		AF4E4F421BF079CC00719A93 /* LPHPageController */ = {
			isa = PBXGroup;
			children = (
				AF4E4F5A1BF1DB7600719A93 /* LPHPageBarItem.h */,
				AF4E4F5B1BF1DB7600719A93 /* LPHPageBarItem.m */,
				AF4E4F541BF0C0A400719A93 /* LPHPageBar.h */,
				AF4E4F551BF0C0A400719A93 /* LPHPageBar.m */,
				AF4E4F451BF079F100719A93 /* LPHPageController.h */,
				AF4E4F461BF079F100719A93 /* LPHPageController.m */,
			);
			path = LPHPageController;
			sourceTree = "<group>";
		};
		AF4E4F431BF079CC00719A93 /* LPSideBarController */ = {
			isa = PBXGroup;
			children = (
				AF4E4F481BF084D700719A93 /* LPSideBarController.h */,
				AF4E4F491BF084D700719A93 /* LPSideBarController.m */,
			);
			path = LPSideBarController;
			sourceTree = "<group>";
		};
		AF4E4F441BF079CC00719A93 /* LPVPageController */ = {
			isa = PBXGroup;
			children = (
				AF4E4F4B1BF084EB00719A93 /* LPVPageController.h */,
				AF4E4F4C1BF084EB00719A93 /* LPVPageController.m */,
			);
			path = LPVPageController;
			sourceTree = "<group>";
		};
/* End PBXGroup section */

/* Begin PBXNativeTarget section */
		AF4E4F261BF078D400719A93 /* LPMultiViewControllerDemo */ = {
			isa = PBXNativeTarget;
			buildConfigurationList = AF4E4F3E1BF078D400719A93 /* Build configuration list for PBXNativeTarget "LPMultiViewControllerDemo" */;
			buildPhases = (
				AF4E4F231BF078D400719A93 /* Sources */,
				AF4E4F241BF078D400719A93 /* Frameworks */,
				AF4E4F251BF078D400719A93 /* Resources */,
			);
			buildRules = (
			);
			dependencies = (
			);
			name = LPMultiViewControllerDemo;
			productName = LPMultiViewControllerDemo;
			productReference = AF4E4F271BF078D400719A93 /* LPMultiViewControllerDemo.app */;
			productType = "com.apple.product-type.application";
		};
/* End PBXNativeTarget section */

/* Begin PBXProject section */
		AF4E4F1F1BF078D400719A93 /* Project object */ = {
			isa = PBXProject;
			attributes = {
				LastUpgradeCheck = 0710;
				ORGANIZATIONNAME = loopeer;
				TargetAttributes = {
					AF4E4F261BF078D400719A93 = {
						CreatedOnToolsVersion = 7.1;
						DevelopmentTeam = RR838T8FGP;
					};
				};
			};
			buildConfigurationList = AF4E4F221BF078D400719A93 /* Build configuration list for PBXProject "LPMultiViewControllerDemo" */;
			compatibilityVersion = "Xcode 3.2";
			developmentRegion = English;
			hasScannedForEncodings = 0;
			knownRegions = (
				en,
				Base,
			);
			mainGroup = AF4E4F1E1BF078D400719A93;
			productRefGroup = AF4E4F281BF078D400719A93 /* Products */;
			projectDirPath = "";
			projectRoot = "";
			targets = (
				AF4E4F261BF078D400719A93 /* LPMultiViewControllerDemo */,
			);
		};
/* End PBXProject section */

/* Begin PBXResourcesBuildPhase section */
		AF4E4F251BF078D400719A93 /* Resources */ = {
			isa = PBXResourcesBuildPhase;
			buildActionMask = 2147483647;
			files = (
				AF4E4F371BF078D400719A93 /* Assets.xcassets in Resources */,
			);
			runOnlyForDeploymentPostprocessing = 0;
		};
/* End PBXResourcesBuildPhase section */

/* Begin PBXSourcesBuildPhase section */
		AF4E4F231BF078D400719A93 /* Sources */ = {
			isa = PBXSourcesBuildPhase;
			buildActionMask = 2147483647;
			files = (
				AF4E4F681BF2337300719A93 /* TabViewController4.m in Sources */,
				AF4E4F5F1BF2334700719A93 /* TabViewController1.m in Sources */,
				AF4E4F621BF2335A00719A93 /* TabViewController2.m in Sources */,
				AF4E4F561BF0C0A400719A93 /* LPHPageBar.m in Sources */,
				AF4E4F5C1BF1DB7600719A93 /* LPHPageBarItem.m in Sources */,
				AF4E4F651BF2336800719A93 /* TabViewController3.m in Sources */,
				AF4E4F321BF078D400719A93 /* ViewController.m in Sources */,
				AF4E4F4A1BF084D700719A93 /* LPSideBarController.m in Sources */,
				AF4E4F2F1BF078D400719A93 /* AppDelegate.m in Sources */,
				AF4E4F2C1BF078D400719A93 /* main.m in Sources */,
				AF4E4F471BF079F100719A93 /* LPHPageController.m in Sources */,
				AF4E4F4D1BF084EB00719A93 /* LPVPageController.m in Sources */,
				AF4E4F501BF0856500719A93 /* UIViewController+Items.m in Sources */,
			);
			runOnlyForDeploymentPostprocessing = 0;
		};
/* End PBXSourcesBuildPhase section */

/* Begin XCBuildConfiguration section */
		AF4E4F3C1BF078D400719A93 /* Debug */ = {
			isa = XCBuildConfiguration;
			buildSettings = {
				ALWAYS_SEARCH_USER_PATHS = NO;
				CLANG_CXX_LANGUAGE_STANDARD = "gnu++0x";
				CLANG_CXX_LIBRARY = "libc++";
				CLANG_ENABLE_MODULES = YES;
				CLANG_ENABLE_OBJC_ARC = YES;
				CLANG_WARN_BOOL_CONVERSION = YES;
				CLANG_WARN_CONSTANT_CONVERSION = YES;
				CLANG_WARN_DIRECT_OBJC_ISA_USAGE = YES_ERROR;
				CLANG_WARN_EMPTY_BODY = YES;
				CLANG_WARN_ENUM_CONVERSION = YES;
				CLANG_WARN_INT_CONVERSION = YES;
				CLANG_WARN_OBJC_ROOT_CLASS = YES_ERROR;
				CLANG_WARN_UNREACHABLE_CODE = YES;
				CLANG_WARN__DUPLICATE_METHOD_MATCH = YES;
				"CODE_SIGN_IDENTITY[sdk=iphoneos*]" = "iPhone Developer";
				COPY_PHASE_STRIP = NO;
				DEBUG_INFORMATION_FORMAT = dwarf;
				ENABLE_STRICT_OBJC_MSGSEND = YES;
				ENABLE_TESTABILITY = YES;
				GCC_C_LANGUAGE_STANDARD = gnu99;
				GCC_DYNAMIC_NO_PIC = NO;
				GCC_NO_COMMON_BLOCKS = YES;
				GCC_OPTIMIZATION_LEVEL = 0;
				GCC_PREPROCESSOR_DEFINITIONS = (
					"DEBUG=1",
					"$(inherited)",
				);
				GCC_WARN_64_TO_32_BIT_CONVERSION = YES;
				GCC_WARN_ABOUT_RETURN_TYPE = YES_ERROR;
				GCC_WARN_UNDECLARED_SELECTOR = YES;
				GCC_WARN_UNINITIALIZED_AUTOS = YES_AGGRESSIVE;
				GCC_WARN_UNUSED_FUNCTION = YES;
				GCC_WARN_UNUSED_VARIABLE = YES;
				IPHONEOS_DEPLOYMENT_TARGET = 9.1;
				MTL_ENABLE_DEBUG_INFO = YES;
				ONLY_ACTIVE_ARCH = YES;
				SDKROOT = iphoneos;
			};
			name = Debug;
		};
		AF4E4F3D1BF078D400719A93 /* Release */ = {
			isa = XCBuildConfiguration;
			buildSettings = {
				ALWAYS_SEARCH_USER_PATHS = NO;
				CLANG_CXX_LANGUAGE_STANDARD = "gnu++0x";
				CLANG_CXX_LIBRARY = "libc++";
				CLANG_ENABLE_MODULES = YES;
				CLANG_ENABLE_OBJC_ARC = YES;
				CLANG_WARN_BOOL_CONVERSION = YES;
				CLANG_WARN_CONSTANT_CONVERSION = YES;
				CLANG_WARN_DIRECT_OBJC_ISA_USAGE = YES_ERROR;
				CLANG_WARN_EMPTY_BODY = YES;
				CLANG_WARN_ENUM_CONVERSION = YES;
				CLANG_WARN_INT_CONVERSION = YES;
				CLANG_WARN_OBJC_ROOT_CLASS = YES_ERROR;
				CLANG_WARN_UNREACHABLE_CODE = YES;
				CLANG_WARN__DUPLICATE_METHOD_MATCH = YES;
				"CODE_SIGN_IDENTITY[sdk=iphoneos*]" = "iPhone Developer";
				COPY_PHASE_STRIP = NO;
				DEBUG_INFORMATION_FORMAT = "dwarf-with-dsym";
				ENABLE_NS_ASSERTIONS = NO;
				ENABLE_STRICT_OBJC_MSGSEND = YES;
				GCC_C_LANGUAGE_STANDARD = gnu99;
				GCC_NO_COMMON_BLOCKS = YES;
				GCC_WARN_64_TO_32_BIT_CONVERSION = YES;
				GCC_WARN_ABOUT_RETURN_TYPE = YES_ERROR;
				GCC_WARN_UNDECLARED_SELECTOR = YES;
				GCC_WARN_UNINITIALIZED_AUTOS = YES_AGGRESSIVE;
				GCC_WARN_UNUSED_FUNCTION = YES;
				GCC_WARN_UNUSED_VARIABLE = YES;
				IPHONEOS_DEPLOYMENT_TARGET = 9.1;
				MTL_ENABLE_DEBUG_INFO = NO;
				SDKROOT = iphoneos;
				VALIDATE_PRODUCT = YES;
			};
			name = Release;
		};
		AF4E4F3F1BF078D400719A93 /* Debug */ = {
			isa = XCBuildConfiguration;
			buildSettings = {
				ASSETCATALOG_COMPILER_APPICON_NAME = AppIcon;
				ASSETCATALOG_COMPILER_LAUNCHIMAGE_NAME = "Brand Assets";
				CODE_SIGN_IDENTITY = "iPhone Developer";
				INFOPLIST_FILE = LPMultiViewControllerDemo/Info.plist;
				IPHONEOS_DEPLOYMENT_TARGET = 7.0;
				LD_RUNPATH_SEARCH_PATHS = "$(inherited) @executable_path/Frameworks";
				PRODUCT_BUNDLE_IDENTIFIER = com.loopeer.LPMultiViewControllerDemo;
				PRODUCT_NAME = "$(TARGET_NAME)";
			};
			name = Debug;
		};
		AF4E4F401BF078D400719A93 /* Release */ = {
			isa = XCBuildConfiguration;
			buildSettings = {
				ASSETCATALOG_COMPILER_APPICON_NAME = AppIcon;
				ASSETCATALOG_COMPILER_LAUNCHIMAGE_NAME = "Brand Assets";
				CODE_SIGN_IDENTITY = "iPhone Developer";
				INFOPLIST_FILE = LPMultiViewControllerDemo/Info.plist;
				IPHONEOS_DEPLOYMENT_TARGET = 7.0;
				LD_RUNPATH_SEARCH_PATHS = "$(inherited) @executable_path/Frameworks";
				PRODUCT_BUNDLE_IDENTIFIER = com.loopeer.LPMultiViewControllerDemo;
				PRODUCT_NAME = "$(TARGET_NAME)";
			};
			name = Release;
		};
/* End XCBuildConfiguration section */

/* Begin XCConfigurationList section */
		AF4E4F221BF078D400719A93 /* Build configuration list for PBXProject "LPMultiViewControllerDemo" */ = {
			isa = XCConfigurationList;
			buildConfigurations = (
				AF4E4F3C1BF078D400719A93 /* Debug */,
				AF4E4F3D1BF078D400719A93 /* Release */,
			);
			defaultConfigurationIsVisible = 0;
			defaultConfigurationName = Release;
		};
		AF4E4F3E1BF078D400719A93 /* Build configuration list for PBXNativeTarget "LPMultiViewControllerDemo" */ = {
			isa = XCConfigurationList;
			buildConfigurations = (
				AF4E4F3F1BF078D400719A93 /* Debug */,
				AF4E4F401BF078D400719A93 /* Release */,
			);
			defaultConfigurationIsVisible = 0;
			defaultConfigurationName = Release;
		};
/* End XCConfigurationList section */
	};
	rootObject = AF4E4F1F1BF078D400719A93 /* Project object */;
}
